
Microsoft Visual Studio Solution File, Format Version 12.00
# Visual Studio Version 17
VisualStudioVersion = 17.4.33205.214
MinimumVisualStudioVersion = 10.0.40219.1
Project("{FAE04EC0-301F-11D3-BF4B-00C04F79EFBC}") = "Lab2_2DPGI", "Lab2_2DPGI\Lab2_2DPGI.csproj", "{ED786FC2-797F-4348-BF83-907154B3648E}"
EndProject
Global
	GlobalSection(SolutionConfigurationPlatforms) = preSolution
		Debug|Any CPU = Debug|Any CPU
		Release|Any CPU = Release|Any CPU
	EndGlobalSection
	GlobalSection(ProjectConfigurationPlatforms) = postSolution
		{ED786FC2-797F-4348-BF83-907154B3648E}.Debug|Any CPU.ActiveCfg = Debug|Any CPU
		{ED786FC2-797F-4348-BF83-907154B3648E}.Debug|Any CPU.Build.0 = Debug|Any CPU
		{ED786FC2-797F-4348-BF83-907154B3648E}.Release|Any CPU.ActiveCfg = Release|Any CPU
		{ED786FC2-797F-4348-BF83-907154B3648E}.Release|Any CPU.Build.0 = Release|Any CPU
	EndGlobalSection
	GlobalSection(SolutionProperties) = preSolution
		HideSolutionNode = FALSE
	EndGlobalSection
	GlobalSection(ExtensibilityGlobals) = postSolution
		SolutionGuid = {AEC2E589-611F-47F3-A5AE-D7BB79226713}
	EndGlobalSection
EndGlobal
